// !$*UTF8*$!
{
	archiveVersion = 1;
	classes = {
	};
	objectVersion = 55;
	objects = {

/* Begin PBXBuildFile section */
		18673D7327DB1FC200A10CC1 /* LinkList.swift in Sources */ = {isa = PBXBuildFile; fileRef = 18673D7227DB1FC200A10CC1 /* LinkList.swift */; };
		18673D7B27DB386B00A10CC1 /* ArchivalAndSerializationDemosTests.swift in Sources */ = {isa = PBXBuildFile; fileRef = 18673D7A27DB386B00A10CC1 /* ArchivalAndSerializationDemosTests.swift */; };
		18673D8227DB388D00A10CC1 /* LinkListNodeTests.swift in Sources */ = {isa = PBXBuildFile; fileRef = 18673D8127DB388D00A10CC1 /* LinkListNodeTests.swift */; };
		18889E0A27BE154B0059F520 /* AppDelegate.swift in Sources */ = {isa = PBXBuildFile; fileRef = 18889E0927BE154B0059F520 /* AppDelegate.swift */; };
		18889E0C27BE154B0059F520 /* SceneDelegate.swift in Sources */ = {isa = PBXBuildFile; fileRef = 18889E0B27BE154B0059F520 /* SceneDelegate.swift */; };
		18889E0E27BE154B0059F520 /* ViewController.swift in Sources */ = {isa = PBXBuildFile; fileRef = 18889E0D27BE154B0059F520 /* ViewController.swift */; };
		18889E1127BE154B0059F520 /* Main.storyboard in Resources */ = {isa = PBXBuildFile; fileRef = 18889E0F27BE154B0059F520 /* Main.storyboard */; };
		18889E1327BE154C0059F520 /* Assets.xcassets in Resources */ = {isa = PBXBuildFile; fileRef = 18889E1227BE154C0059F520 /* Assets.xcassets */; };
		18889E1627BE154C0059F520 /* LaunchScreen.storyboard in Resources */ = {isa = PBXBuildFile; fileRef = 18889E1427BE154C0059F520 /* LaunchScreen.storyboard */; };
		18889E2427BE158F0059F520 /* Models.swift in Sources */ = {isa = PBXBuildFile; fileRef = 18889E2327BE158F0059F520 /* Models.swift */; };
		18889E2627BE171F0059F520 /* Demos.swift in Sources */ = {isa = PBXBuildFile; fileRef = 18889E2527BE171F0059F520 /* Demos.swift */; };
		18889E2927BE4EA60059F520 /* Numericable.swift in Sources */ = {isa = PBXBuildFile; fileRef = 18889E2827BE4EA60059F520 /* Numericable.swift */; };
/* End PBXBuildFile section */

/* Begin PBXContainerItemProxy section */
		18673D7C27DB386B00A10CC1 /* PBXContainerItemProxy */ = {
			isa = PBXContainerItemProxy;
			containerPortal = 18889DFE27BE154B0059F520 /* Project object */;
			proxyType = 1;
			remoteGlobalIDString = 18889E0527BE154B0059F520;
			remoteInfo = ArchivalAndSerializationDemos;
		};
/* End PBXContainerItemProxy section */

/* Begin PBXFileReference section */
		18673D7227DB1FC200A10CC1 /* LinkList.swift */ = {isa = PBXFileReference; lastKnownFileType = sourcecode.swift; path = LinkList.swift; sourceTree = "<group>"; };
		18673D7827DB386B00A10CC1 /* ArchivalAndSerializationDemosTests.xctest */ = {isa = PBXFileReference; explicitFileType = wrapper.cfbundle; includeInIndex = 0; path = ArchivalAndSerializationDemosTests.xctest; sourceTree = BUILT_PRODUCTS_DIR; };
		18673D7A27DB386B00A10CC1 /* ArchivalAndSerializationDemosTests.swift */ = {isa = PBXFileReference; lastKnownFileType = sourcecode.swift; path = ArchivalAndSerializationDemosTests.swift; sourceTree = "<group>"; };
		18673D8127DB388D00A10CC1 /* LinkListNodeTests.swift */ = {isa = PBXFileReference; lastKnownFileType = sourcecode.swift; path = LinkListNodeTests.swift; sourceTree = "<group>"; };
		18889E0627BE154B0059F520 /* ArchivalAndSerializationDemos.app */ = {isa = PBXFileReference; explicitFileType = wrapper.application; includeInIndex = 0; path = ArchivalAndSerializationDemos.app; sourceTree = BUILT_PRODUCTS_DIR; };
		18889E0927BE154B0059F520 /* AppDelegate.swift */ = {isa = PBXFileReference; lastKnownFileType = sourcecode.swift; path = AppDelegate.swift; sourceTree = "<group>"; };
		18889E0B27BE154B0059F520 /* SceneDelegate.swift */ = {isa = PBXFileReference; lastKnownFileType = sourcecode.swift; path = SceneDelegate.swift; sourceTree = "<group>"; };
		18889E0D27BE154B0059F520 /* ViewController.swift */ = {isa = PBXFileReference; lastKnownFileType = sourcecode.swift; path = ViewController.swift; sourceTree = "<group>"; };
		18889E1027BE154B0059F520 /* Base */ = {isa = PBXFileReference; lastKnownFileType = file.storyboard; name = Base; path = Base.lproj/Main.storyboard; sourceTree = "<group>"; };
		18889E1227BE154C0059F520 /* Assets.xcassets */ = {isa = PBXFileReference; lastKnownFileType = folder.assetcatalog; path = Assets.xcassets; sourceTree = "<group>"; };
		18889E1527BE154C0059F520 /* Base */ = {isa = PBXFileReference; lastKnownFileType = file.storyboard; name = Base; path = Base.lproj/LaunchScreen.storyboard; sourceTree = "<group>"; };
		18889E1727BE154C0059F520 /* Info.plist */ = {isa = PBXFileReference; lastKnownFileType = text.plist.xml; path = Info.plist; sourceTree = "<group>"; };
		18889E2327BE158F0059F520 /* Models.swift */ = {isa = PBXFileReference; lastKnownFileType = sourcecode.swift; path = Models.swift; sourceTree = "<group>"; };
		18889E2527BE171F0059F520 /* Demos.swift */ = {isa = PBXFileReference; lastKnownFileType = sourcecode.swift; path = Demos.swift; sourceTree = "<group>"; };
		18889E2727BE19DA0059F520 /* Swift Archival & Serialization.md */ = {isa = PBXFileReference; lastKnownFileType = net.daringfireball.markdown; path = "Swift Archival & Serialization.md"; sourceTree = "<group>"; };
		18889E2827BE4EA60059F520 /* Numericable.swift */ = {isa = PBXFileReference; lastKnownFileType = sourcecode.swift; path = Numericable.swift; sourceTree = "<group>"; };
/* End PBXFileReference section */

/* Begin PBXFrameworksBuildPhase section */
		18673D7527DB386B00A10CC1 /* Frameworks */ = {
			isa = PBXFrameworksBuildPhase;
			buildActionMask = 2147483647;
			files = (
			);
			runOnlyForDeploymentPostprocessing = 0;
		};
		18889E0327BE154B0059F520 /* Frameworks */ = {
			isa = PBXFrameworksBuildPhase;
			buildActionMask = 2147483647;
			files = (
			);
			runOnlyForDeploymentPostprocessing = 0;
		};
/* End PBXFrameworksBuildPhase section */

/* Begin PBXGroup section */
		18673D7927DB386B00A10CC1 /* ArchivalAndSerializationDemosTests */ = {
			isa = PBXGroup;
			children = (
				18673D7A27DB386B00A10CC1 /* ArchivalAndSerializationDemosTests.swift */,
				18673D8127DB388D00A10CC1 /* LinkListNodeTests.swift */,
			);
			path = ArchivalAndSerializationDemosTests;
			sourceTree = "<group>";
		};
		18889DFD27BE154B0059F520 = {
			isa = PBXGroup;
			children = (
				18889E0827BE154B0059F520 /* ArchivalAndSerializationDemos */,
				18673D7927DB386B00A10CC1 /* ArchivalAndSerializationDemosTests */,
				18889E0727BE154B0059F520 /* Products */,
			);
			sourceTree = "<group>";
		};
		18889E0727BE154B0059F520 /* Products */ = {
			isa = PBXGroup;
			children = (
				18889E0627BE154B0059F520 /* ArchivalAndSerializationDemos.app */,
				18673D7827DB386B00A10CC1 /* ArchivalAndSerializationDemosTests.xctest */,
			);
			name = Products;
			sourceTree = "<group>";
		};
		18889E0827BE154B0059F520 /* ArchivalAndSerializationDemos */ = {
			isa = PBXGroup;
			children = (
				18889E0927BE154B0059F520 /* AppDelegate.swift */,
				18889E0B27BE154B0059F520 /* SceneDelegate.swift */,
				18889E0D27BE154B0059F520 /* ViewController.swift */,
				18889E0F27BE154B0059F520 /* Main.storyboard */,
				18889E1227BE154C0059F520 /* Assets.xcassets */,
				18889E1427BE154C0059F520 /* LaunchScreen.storyboard */,
				18889E1727BE154C0059F520 /* Info.plist */,
				18889E2327BE158F0059F520 /* Models.swift */,
				18889E2527BE171F0059F520 /* Demos.swift */,
				18889E2727BE19DA0059F520 /* Swift Archival & Serialization.md */,
				18889E2827BE4EA60059F520 /* Numericable.swift */,
				18673D7227DB1FC200A10CC1 /* LinkList.swift */,
			);
			path = ArchivalAndSerializationDemos;
			sourceTree = "<group>";
		};
/* End PBXGroup section */

/* Begin PBXNativeTarget section */
		18673D7727DB386B00A10CC1 /* ArchivalAndSerializationDemosTests */ = {
			isa = PBXNativeTarget;
			buildConfigurationList = 18673D7E27DB386B00A10CC1 /* Build configuration list for PBXNativeTarget "ArchivalAndSerializationDemosTests" */;
			buildPhases = (
				18673D7427DB386B00A10CC1 /* Sources */,
				18673D7527DB386B00A10CC1 /* Frameworks */,
				18673D7627DB386B00A10CC1 /* Resources */,
			);
			buildRules = (
			);
			dependencies = (
				18673D7D27DB386B00A10CC1 /* PBXTargetDependency */,
			);
			name = ArchivalAndSerializationDemosTests;
			productName = ArchivalAndSerializationDemosTests;
			productReference = 18673D7827DB386B00A10CC1 /* ArchivalAndSerializationDemosTests.xctest */;
			productType = "com.apple.product-type.bundle.unit-test";
		};
		18889E0527BE154B0059F520 /* ArchivalAndSerializationDemos */ = {
			isa = PBXNativeTarget;
			buildConfigurationList = 18889E1A27BE154C0059F520 /* Build configuration list for PBXNativeTarget "ArchivalAndSerializationDemos" */;
			buildPhases = (
				18889E0227BE154B0059F520 /* Sources */,
				18889E0327BE154B0059F520 /* Frameworks */,
				18889E0427BE154B0059F520 /* Resources */,
			);
			buildRules = (
			);
			dependencies = (
			);
			name = ArchivalAndSerializationDemos;
			productName = ArchivalAndSerializationDemos;
			productReference = 18889E0627BE154B0059F520 /* ArchivalAndSerializationDemos.app */;
			productType = "com.apple.product-type.application";
		};
/* End PBXNativeTarget section */

/* Begin PBXProject section */
		18889DFE27BE154B0059F520 /* Project object */ = {
			isa = PBXProject;
			attributes = {
				BuildIndependentTargetsInParallel = 1;
				LastSwiftUpdateCheck = 1320;
				LastUpgradeCheck = 1320;
				TargetAttributes = {
					18673D7727DB386B00A10CC1 = {
						CreatedOnToolsVersion = 13.2.1;
						TestTargetID = 18889E0527BE154B0059F520;
					};
					18889E0527BE154B0059F520 = {
						CreatedOnToolsVersion = 13.2.1;
					};
				};
			};
			buildConfigurationList = 18889E0127BE154B0059F520 /* Build configuration list for PBXProject "ArchivalAndSerializationDemos" */;
			compatibilityVersion = "Xcode 13.0";
			developmentRegion = en;
			hasScannedForEncodings = 0;
			knownRegions = (
				en,
				Base,
			);
			mainGroup = 18889DFD27BE154B0059F520;
			productRefGroup = 18889E0727BE154B0059F520 /* Products */;
			projectDirPath = "";
			projectRoot = "";
			targets = (
				18889E0527BE154B0059F520 /* ArchivalAndSerializationDemos */,
				18673D7727DB386B00A10CC1 /* ArchivalAndSerializationDemosTests */,
			);
		};
/* End PBXProject section */

/* Begin PBXResourcesBuildPhase section */
		18673D7627DB386B00A10CC1 /* Resources */ = {
			isa = PBXResourcesBuildPhase;
			buildActionMask = 2147483647;
			files = (
			);
			runOnlyForDeploymentPostprocessing = 0;
		};
		18889E0427BE154B0059F520 /* Resources */ = {
			isa = PBXResourcesBuildPhase;
			buildActionMask = 2147483647;
			files = (
				18889E1627BE154C0059F520 /* LaunchScreen.storyboard in Resources */,
				18889E1327BE154C0059F520 /* Assets.xcassets in Resources */,
				18889E1127BE154B0059F520 /* Main.storyboard in Resources */,
			);
			runOnlyForDeploymentPostprocessing = 0;
		};
/* End PBXResourcesBuildPhase section */

/* Begin PBXSourcesBuildPhase section */
		18673D7427DB386B00A10CC1 /* Sources */ = {
			isa = PBXSourcesBuildPhase;
			buildActionMask = 2147483647;
			files = (
				18673D7B27DB386B00A10CC1 /* ArchivalAndSerializationDemosTests.swift in Sources */,
				18673D8227DB388D00A10CC1 /* LinkListNodeTests.swift in Sources */,
			);
			runOnlyForDeploymentPostprocessing = 0;
		};
		18889E0227BE154B0059F520 /* Sources */ = {
			isa = PBXSourcesBuildPhase;
			buildActionMask = 2147483647;
			files = (
				18889E0E27BE154B0059F520 /* ViewController.swift in Sources */,
				18889E0A27BE154B0059F520 /* AppDelegate.swift in Sources */,
				18889E2427BE158F0059F520 /* Models.swift in Sources */,
				18889E2627BE171F0059F520 /* Demos.swift in Sources */,
				18673D7327DB1FC200A10CC1 /* LinkList.swift in Sources */,
				18889E0C27BE154B0059F520 /* SceneDelegate.swift in Sources */,
				18889E2927BE4EA60059F520 /* Numericable.swift in Sources */,
			);
			runOnlyForDeploymentPostprocessing = 0;
		};
/* End PBXSourcesBuildPhase section */

/* Begin PBXTargetDependency section */
		18673D7D27DB386B00A10CC1 /* PBXTargetDependency */ = {
			isa = PBXTargetDependency;
			target = 18889E0527BE154B0059F520 /* ArchivalAndSerializationDemos */;
			targetProxy = 18673D7C27DB386B00A10CC1 /* PBXContainerItemProxy */;
		};
/* End PBXTargetDependency section */

/* Begin PBXVariantGroup section */
		18889E0F27BE154B0059F520 /* Main.storyboard */ = {
			isa = PBXVariantGroup;
			children = (
				18889E1027BE154B0059F520 /* Base */,
			);
			name = Main.storyboard;
			sourceTree = "<group>";
		};
		18889E1427BE154C0059F520 /* LaunchScreen.storyboard */ = {
			isa = PBXVariantGroup;
			children = (
				18889E1527BE154C0059F520 /* Base */,
			);
			name = LaunchScreen.storyboard;
			sourceTree = "<group>";
		};
/* End PBXVariantGroup section */

/* Begin XCBuildConfiguration section */
		18673D7F27DB386B00A10CC1 /* Debug */ = {
			isa = XCBuildConfiguration;
			buildSettings = {
				BUNDLE_LOADER = "$(TEST_HOST)";
				CODE_SIGN_STYLE = Automatic;
				CURRENT_PROJECT_VERSION = 1;
				DEVELOPMENT_TEAM = 5KB58A6G2C;
				GENERATE_INFOPLIST_FILE = YES;
				MARKETING_VERSION = 1.0;
				PRODUCT_BUNDLE_IDENTIFIER = "com.ifeng-tech.ddd.ArchivalAndSerializationDemosTests";
				PRODUCT_NAME = "$(TARGET_NAME)";
				SWIFT_EMIT_LOC_STRINGS = NO;
				SWIFT_VERSION = 5.0;
				TARGETED_DEVICE_FAMILY = "1,2";
				TEST_HOST = "$(BUILT_PRODUCTS_DIR)/ArchivalAndSerializationDemos.app/ArchivalAndSerializationDemos";
			};
			name = Debug;
		};
		18673D8027DB386B00A10CC1 /* Release */ = {
			isa = XCBuildConfiguration;
			buildSettings = {
				BUNDLE_LOADER = "$(TEST_HOST)";
				CODE_SIGN_STYLE = Automatic;
				CURRENT_PROJECT_VERSION = 1;
				DEVELOPMENT_TEAM = 5KB58A6G2C;
				GENERATE_INFOPLIST_FILE = YES;
				MARKETING_VERSION = 1.0;
				PRODUCT_BUNDLE_IDENTIFIER = "com.ifeng-tech.ddd.ArchivalAndSerializationDemosTests";
				PRODUCT_NAME = "$(TARGET_NAME)";
				SWIFT_EMIT_LOC_STRINGS = NO;
				SWIFT_VERSION = 5.0;
				TARGETED_DEVICE_FAMILY = "1,2";
				TEST_HOST = "$(BUILT_PRODUCTS_DIR)/ArchivalAndSerializationDemos.app/ArchivalAndSerializationDemos";
			};
			name = Release;
		};
		18889E1827BE154C0059F520 /* Debug */ = {
			isa = XCBuildConfiguration;
			buildSettings = {
				ALWAYS_SEARCH_USER_PATHS = NO;
				CLANG_ANALYZER_NONNULL = YES;
				CLANG_ANALYZER_NUMBER_OBJECT_CONVERSION = YES_AGGRESSIVE;
				CLANG_CXX_LANGUAGE_STANDARD = "gnu++17";
				CLANG_CXX_LIBRARY = "libc++";
				CLANG_ENABLE_MODULES = YES;
				CLANG_ENABLE_OBJC_ARC = YES;
				CLANG_ENABLE_OBJC_WEAK = YES;
				CLANG_WARN_BLOCK_CAPTURE_AUTORELEASING = YES;
				CLANG_WARN_BOOL_CONVERSION = YES;
				CLANG_WARN_COMMA = YES;
				CLANG_WARN_CONSTANT_CONVERSION = YES;
				CLANG_WARN_DEPRECATED_OBJC_IMPLEMENTATIONS = YES;
				CLANG_WARN_DIRECT_OBJC_ISA_USAGE = YES_ERROR;
				CLANG_WARN_DOCUMENTATION_COMMENTS = YES;
				CLANG_WARN_EMPTY_BODY = YES;
				CLANG_WARN_ENUM_CONVERSION = YES;
				CLANG_WARN_INFINITE_RECURSION = YES;
				CLANG_WARN_INT_CONVERSION = YES;
				CLANG_WARN_NON_LITERAL_NULL_CONVERSION = YES;
				CLANG_WARN_OBJC_IMPLICIT_RETAIN_SELF = YES;
				CLANG_WARN_OBJC_LITERAL_CONVERSION = YES;
				CLANG_WARN_OBJC_ROOT_CLASS = YES_ERROR;
				CLANG_WARN_QUOTED_INCLUDE_IN_FRAMEWORK_HEADER = YES;
				CLANG_WARN_RANGE_LOOP_ANALYSIS = YES;
				CLANG_WARN_STRICT_PROTOTYPES = YES;
				CLANG_WARN_SUSPICIOUS_MOVE = YES;
				CLANG_WARN_UNGUARDED_AVAILABILITY = YES_AGGRESSIVE;
				CLANG_WARN_UNREACHABLE_CODE = YES;
				CLANG_WARN__DUPLICATE_METHOD_MATCH = YES;
				COPY_PHASE_STRIP = NO;
				DEBUG_INFORMATION_FORMAT = dwarf;
				ENABLE_STRICT_OBJC_MSGSEND = YES;
				ENABLE_TESTABILITY = YES;
				GCC_C_LANGUAGE_STANDARD = gnu11;
				GCC_DYNAMIC_NO_PIC = NO;
				GCC_NO_COMMON_BLOCKS = YES;
				GCC_OPTIMIZATION_LEVEL = 0;
				GCC_PREPROCESSOR_DEFINITIONS = (
					"DEBUG=1",
					"$(inherited)",
				);
				GCC_WARN_64_TO_32_BIT_CONVERSION = YES;
				GCC_WARN_ABOUT_RETURN_TYPE = YES_ERROR;
				GCC_WARN_UNDECLARED_SELECTOR = YES;
				GCC_WARN_UNINITIALIZED_AUTOS = YES_AGGRESSIVE;
				GCC_WARN_UNUSED_FUNCTION = YES;
				GCC_WARN_UNUSED_VARIABLE = YES;
				IPHONEOS_DEPLOYMENT_TARGET = 15.2;
				MTL_ENABLE_DEBUG_INFO = INCLUDE_SOURCE;
				MTL_FAST_MATH = YES;
				ONLY_ACTIVE_ARCH = YES;
				SDKROOT = iphoneos;
				SWIFT_ACTIVE_COMPILATION_CONDITIONS = DEBUG;
				SWIFT_OPTIMIZATION_LEVEL = "-Onone";
			};
			name = Debug;
		};
		18889E1927BE154C0059F520 /* Release */ = {
			isa = XCBuildConfiguration;
			buildSettings = {
				ALWAYS_SEARCH_USER_PATHS = NO;
				CLANG_ANALYZER_NONNULL = YES;
				CLANG_ANALYZER_NUMBER_OBJECT_CONVERSION = YES_AGGRESSIVE;
				CLANG_CXX_LANGUAGE_STANDARD = "gnu++17";
				CLANG_CXX_LIBRARY = "libc++";
				CLANG_ENABLE_MODULES = YES;
				CLANG_ENABLE_OBJC_ARC = YES;
				CLANG_ENABLE_OBJC_WEAK = YES;
				CLANG_WARN_BLOCK_CAPTURE_AUTORELEASING = YES;
				CLANG_WARN_BOOL_CONVERSION = YES;
				CLANG_WARN_COMMA = YES;
				CLANG_WARN_CONSTANT_CONVERSION = YES;
				CLANG_WARN_DEPRECATED_OBJC_IMPLEMENTATIONS = YES;
				CLANG_WARN_DIRECT_OBJC_ISA_USAGE = YES_ERROR;
				CLANG_WARN_DOCUMENTATION_COMMENTS = YES;
				CLANG_WARN_EMPTY_BODY = YES;
				CLANG_WARN_ENUM_CONVERSION = YES;
				CLANG_WARN_INFINITE_RECURSION = YES;
				CLANG_WARN_INT_CONVERSION = YES;
				CLANG_WARN_NON_LITERAL_NULL_CONVERSION = YES;
				CLANG_WARN_OBJC_IMPLICIT_RETAIN_SELF = YES;
				CLANG_WARN_OBJC_LITERAL_CONVERSION = YES;
				CLANG_WARN_OBJC_ROOT_CLASS = YES_ERROR;
				CLANG_WARN_QUOTED_INCLUDE_IN_FRAMEWORK_HEADER = YES;
				CLANG_WARN_RANGE_LOOP_ANALYSIS = YES;
				CLANG_WARN_STRICT_PROTOTYPES = YES;
				CLANG_WARN_SUSPICIOUS_MOVE = YES;
				CLANG_WARN_UNGUARDED_AVAILABILITY = YES_AGGRESSIVE;
				CLANG_WARN_UNREACHABLE_CODE = YES;
				CLANG_WARN__DUPLICATE_METHOD_MATCH = YES;
				COPY_PHASE_STRIP = NO;
				DEBUG_INFORMATION_FORMAT = "dwarf-with-dsym";
				ENABLE_NS_ASSERTIONS = NO;
				ENABLE_STRICT_OBJC_MSGSEND = YES;
				GCC_C_LANGUAGE_STANDARD = gnu11;
				GCC_NO_COMMON_BLOCKS = YES;
				GCC_WARN_64_TO_32_BIT_CONVERSION = YES;
				GCC_WARN_ABOUT_RETURN_TYPE = YES_ERROR;
				GCC_WARN_UNDECLARED_SELECTOR = YES;
				GCC_WARN_UNINITIALIZED_AUTOS = YES_AGGRESSIVE;
				GCC_WARN_UNUSED_FUNCTION = YES;
				GCC_WARN_UNUSED_VARIABLE = YES;
				IPHONEOS_DEPLOYMENT_TARGET = 15.2;
				MTL_ENABLE_DEBUG_INFO = NO;
				MTL_FAST_MATH = YES;
				SDKROOT = iphoneos;
				SWIFT_COMPILATION_MODE = wholemodule;
				SWIFT_OPTIMIZATION_LEVEL = "-O";
				VALIDATE_PRODUCT = YES;
			};
			name = Release;
		};
		18889E1B27BE154C0059F520 /* Debug */ = {
			isa = XCBuildConfiguration;
			buildSettings = {
				ASSETCATALOG_COMPILER_APPICON_NAME = AppIcon;
				ASSETCATALOG_COMPILER_GLOBAL_ACCENT_COLOR_NAME = AccentColor;
				CODE_SIGN_STYLE = Automatic;
				CURRENT_PROJECT_VERSION = 1;
				DEVELOPMENT_TEAM = 5KB58A6G2C;
				GENERATE_INFOPLIST_FILE = YES;
				INFOPLIST_FILE = ArchivalAndSerializationDemos/Info.plist;
				INFOPLIST_KEY_UIApplicationSupportsIndirectInputEvents = YES;
				INFOPLIST_KEY_UILaunchStoryboardName = LaunchScreen;
				INFOPLIST_KEY_UIMainStoryboardFile = Main;
				INFOPLIST_KEY_UISupportedInterfaceOrientations_iPad = "UIInterfaceOrientationPortrait UIInterfaceOrientationPortraitUpsideDown UIInterfaceOrientationLandscapeLeft UIInterfaceOrientationLandscapeRight";
				INFOPLIST_KEY_UISupportedInterfaceOrientations_iPhone = "UIInterfaceOrientationPortrait UIInterfaceOrientationLandscapeLeft UIInterfaceOrientationLandscapeRight";
				LD_RUNPATH_SEARCH_PATHS = (
					"$(inherited)",
					"@executable_path/Frameworks",
				);
				MARKETING_VERSION = 1.0;
				PRODUCT_BUNDLE_IDENTIFIER = "com.ifeng-tech.ddd.ArchivalAndSerializationDemos";
				PRODUCT_NAME = "$(TARGET_NAME)";
				SWIFT_EMIT_LOC_STRINGS = YES;
				SWIFT_VERSION = 5.0;
				TARGETED_DEVICE_FAMILY = "1,2";
			};
			name = Debug;
		};
		18889E1C27BE154C0059F520 /* Release */ = {
			isa = XCBuildConfiguration;
			buildSettings = {
				ASSETCATALOG_COMPILER_APPICON_NAME = AppIcon;
				ASSETCATALOG_COMPILER_GLOBAL_ACCENT_COLOR_NAME = AccentColor;
				CODE_SIGN_STYLE = Automatic;
				CURRENT_PROJECT_VERSION = 1;
				DEVELOPMENT_TEAM = 5KB58A6G2C;
				GENERATE_INFOPLIST_FILE = YES;
				INFOPLIST_FILE = ArchivalAndSerializationDemos/Info.plist;
				INFOPLIST_KEY_UIApplicationSupportsIndirectInputEvents = YES;
				INFOPLIST_KEY_UILaunchStoryboardName = LaunchScreen;
				INFOPLIST_KEY_UIMainStoryboardFile = Main;
				INFOPLIST_KEY_UISupportedInterfaceOrientations_iPad = "UIInterfaceOrientationPortrait UIInterfaceOrientationPortraitUpsideDown UIInterfaceOrientationLandscapeLeft UIInterfaceOrientationLandscapeRight";
				INFOPLIST_KEY_UISupportedInterfaceOrientations_iPhone = "UIInterfaceOrientationPortrait UIInterfaceOrientationLandscapeLeft UIInterfaceOrientationLandscapeRight";
				LD_RUNPATH_SEARCH_PATHS = (
					"$(inherited)",
					"@executable_path/Frameworks",
				);
				MARKETING_VERSION = 1.0;
				PRODUCT_BUNDLE_IDENTIFIER = "com.ifeng-tech.ddd.ArchivalAndSerializationDemos";
				PRODUCT_NAME = "$(TARGET_NAME)";
				SWIFT_EMIT_LOC_STRINGS = YES;
				SWIFT_VERSION = 5.0;
				TARGETED_DEVICE_FAMILY = "1,2";
			};
			name = Release;
		};
/* End XCBuildConfiguration section */

/* Begin XCConfigurationList section */
		18673D7E27DB386B00A10CC1 /* Build configuration list for PBXNativeTarget "ArchivalAndSerializationDemosTests" */ = {
			isa = XCConfigurationList;
			buildConfigurations = (
				18673D7F27DB386B00A10CC1 /* Debug */,
				18673D8027DB386B00A10CC1 /* Release */,
			);
			defaultConfigurationIsVisible = 0;
			defaultConfigurationName = Release;
		};
		18889E0127BE154B0059F520 /* Build configuration list for PBXProject "ArchivalAndSerializationDemos" */ = {
			isa = XCConfigurationList;
			buildConfigurations = (
				18889E1827BE154C0059F520 /* Debug */,
				18889E1927BE154C0059F520 /* Release */,
			);
			defaultConfigurationIsVisible = 0;
			defaultConfigurationName = Release;
		};
		18889E1A27BE154C0059F520 /* Build configuration list for PBXNativeTarget "ArchivalAndSerializationDemos" */ = {
			isa = XCConfigurationList;
			buildConfigurations = (
				18889E1B27BE154C0059F520 /* Debug */,
				18889E1C27BE154C0059F520 /* Release */,
			);
			defaultConfigurationIsVisible = 0;
			defaultConfigurationName = Release;
		};
/* End XCConfigurationList section */
	};
	rootObject = 18889DFE27BE154B0059F520 /* Project object */;
}
