// !$*UTF8*$!
{
	archiveVersion = 1;
	classes = {
	};
	objectVersion = 55;
	objects = {

/* Begin PBXBuildFile section */
		1860FF9527DED9420035ACF2 /* AppDelegate.swift in Sources */ = {isa = PBXBuildFile; fileRef = 1860FF9427DED9420035ACF2 /* AppDelegate.swift */; };
		1860FF9727DED9420035ACF2 /* SceneDelegate.swift in Sources */ = {isa = PBXBuildFile; fileRef = 1860FF9627DED9420035ACF2 /* SceneDelegate.swift */; };
		1860FF9927DED9420035ACF2 /* ViewController.swift in Sources */ = {isa = PBXBuildFile; fileRef = 1860FF9827DED9420035ACF2 /* ViewController.swift */; };
		1860FF9C27DED9420035ACF2 /* Main.storyboard in Resources */ = {isa = PBXBuildFile; fileRef = 1860FF9A27DED9420035ACF2 /* Main.storyboard */; };
		1860FF9E27DED9430035ACF2 /* Assets.xcassets in Resources */ = {isa = PBXBuildFile; fileRef = 1860FF9D27DED9430035ACF2 /* Assets.xcassets */; };
		1860FFA127DED9430035ACF2 /* LaunchScreen.storyboard in Resources */ = {isa = PBXBuildFile; fileRef = 1860FF9F27DED9430035ACF2 /* LaunchScreen.storyboard */; };
		1860FFB427DEDA440035ACF2 /* PlayView.swift in Sources */ = {isa = PBXBuildFile; fileRef = 1860FFAA27DEDA440035ACF2 /* PlayView.swift */; };
		1860FFB527DEDA440035ACF2 /* CachedRangesView.swift in Sources */ = {isa = PBXBuildFile; fileRef = 1860FFAB27DEDA440035ACF2 /* CachedRangesView.swift */; };
		1860FFB627DEDA440035ACF2 /* CustomPlayViewController.swift in Sources */ = {isa = PBXBuildFile; fileRef = 1860FFAC27DEDA440035ACF2 /* CustomPlayViewController.swift */; };
		1860FFB727DEDA440035ACF2 /* PlayControlView.swift in Sources */ = {isa = PBXBuildFile; fileRef = 1860FFAD27DEDA440035ACF2 /* PlayControlView.swift */; };
		1860FFB827DEDA440035ACF2 /* AssertDownloader.swift in Sources */ = {isa = PBXBuildFile; fileRef = 1860FFAF27DEDA440035ACF2 /* AssertDownloader.swift */; };
		1860FFB927DEDA440035ACF2 /* AssertLoadExtensions.swift in Sources */ = {isa = PBXBuildFile; fileRef = 1860FFB027DEDA440035ACF2 /* AssertLoadExtensions.swift */; };
		1860FFBA27DEDA440035ACF2 /* AssetResourceLoaderDelegate.swift in Sources */ = {isa = PBXBuildFile; fileRef = 1860FFB127DEDA440035ACF2 /* AssetResourceLoaderDelegate.swift */; };
		1860FFBB27DEDA440035ACF2 /* VideoCacheFileManager.swift in Sources */ = {isa = PBXBuildFile; fileRef = 1860FFB227DEDA440035ACF2 /* VideoCacheFileManager.swift */; };
		1860FFBC27DEDA440035ACF2 /* KVOManager.swift in Sources */ = {isa = PBXBuildFile; fileRef = 1860FFB327DEDA440035ACF2 /* KVOManager.swift */; };
		1860FFBF27DEE2240035ACF2 /* UIImageView+VideoFirstImage.swift in Sources */ = {isa = PBXBuildFile; fileRef = 1860FFBE27DEE2240035ACF2 /* UIImageView+VideoFirstImage.swift */; };
		1860FFC127DEE2C00035ACF2 /* Measure.swift in Sources */ = {isa = PBXBuildFile; fileRef = 1860FFC027DEE2C00035ACF2 /* Measure.swift */; };
		1860FFC327DEE5420035ACF2 /* PlayVideoViewController.swift in Sources */ = {isa = PBXBuildFile; fileRef = 1860FFC227DEE5420035ACF2 /* PlayVideoViewController.swift */; };
		DEB8AC8E7CE107BF980DC0F9 /* Pods_ComponentProject_VideoPlayDemo.framework in Frameworks */ = {isa = PBXBuildFile; fileRef = 3A7CF45D25B60F811B7B3119 /* Pods_ComponentProject_VideoPlayDemo.framework */; };
/* End PBXBuildFile section */

/* Begin PBXFileReference section */
		1860FF9127DED9420035ACF2 /* VideoPlayDemo.app */ = {isa = PBXFileReference; explicitFileType = wrapper.application; includeInIndex = 0; path = VideoPlayDemo.app; sourceTree = BUILT_PRODUCTS_DIR; };
		1860FF9427DED9420035ACF2 /* AppDelegate.swift */ = {isa = PBXFileReference; lastKnownFileType = sourcecode.swift; path = AppDelegate.swift; sourceTree = "<group>"; };
		1860FF9627DED9420035ACF2 /* SceneDelegate.swift */ = {isa = PBXFileReference; lastKnownFileType = sourcecode.swift; path = SceneDelegate.swift; sourceTree = "<group>"; };
		1860FF9827DED9420035ACF2 /* ViewController.swift */ = {isa = PBXFileReference; lastKnownFileType = sourcecode.swift; path = ViewController.swift; sourceTree = "<group>"; };
		1860FF9B27DED9420035ACF2 /* Base */ = {isa = PBXFileReference; lastKnownFileType = file.storyboard; name = Base; path = Base.lproj/Main.storyboard; sourceTree = "<group>"; };
		1860FF9D27DED9430035ACF2 /* Assets.xcassets */ = {isa = PBXFileReference; lastKnownFileType = folder.assetcatalog; path = Assets.xcassets; sourceTree = "<group>"; };
		1860FFA027DED9430035ACF2 /* Base */ = {isa = PBXFileReference; lastKnownFileType = file.storyboard; name = Base; path = Base.lproj/LaunchScreen.storyboard; sourceTree = "<group>"; };
		1860FFA227DED9430035ACF2 /* Info.plist */ = {isa = PBXFileReference; lastKnownFileType = text.plist.xml; path = Info.plist; sourceTree = "<group>"; };
		1860FFAA27DEDA440035ACF2 /* PlayView.swift */ = {isa = PBXFileReference; fileEncoding = 4; lastKnownFileType = sourcecode.swift; path = PlayView.swift; sourceTree = "<group>"; };
		1860FFAB27DEDA440035ACF2 /* CachedRangesView.swift */ = {isa = PBXFileReference; fileEncoding = 4; lastKnownFileType = sourcecode.swift; path = CachedRangesView.swift; sourceTree = "<group>"; };
		1860FFAC27DEDA440035ACF2 /* CustomPlayViewController.swift */ = {isa = PBXFileReference; fileEncoding = 4; lastKnownFileType = sourcecode.swift; path = CustomPlayViewController.swift; sourceTree = "<group>"; };
		1860FFAD27DEDA440035ACF2 /* PlayControlView.swift */ = {isa = PBXFileReference; fileEncoding = 4; lastKnownFileType = sourcecode.swift; path = PlayControlView.swift; sourceTree = "<group>"; };
		1860FFAF27DEDA440035ACF2 /* AssertDownloader.swift */ = {isa = PBXFileReference; fileEncoding = 4; lastKnownFileType = sourcecode.swift; path = AssertDownloader.swift; sourceTree = "<group>"; };
		1860FFB027DEDA440035ACF2 /* AssertLoadExtensions.swift */ = {isa = PBXFileReference; fileEncoding = 4; lastKnownFileType = sourcecode.swift; path = AssertLoadExtensions.swift; sourceTree = "<group>"; };
		1860FFB127DEDA440035ACF2 /* AssetResourceLoaderDelegate.swift */ = {isa = PBXFileReference; fileEncoding = 4; lastKnownFileType = sourcecode.swift; path = AssetResourceLoaderDelegate.swift; sourceTree = "<group>"; };
		1860FFB227DEDA440035ACF2 /* VideoCacheFileManager.swift */ = {isa = PBXFileReference; fileEncoding = 4; lastKnownFileType = sourcecode.swift; path = VideoCacheFileManager.swift; sourceTree = "<group>"; };
		1860FFB327DEDA440035ACF2 /* KVOManager.swift */ = {isa = PBXFileReference; fileEncoding = 4; lastKnownFileType = sourcecode.swift; path = KVOManager.swift; sourceTree = "<group>"; };
		1860FFBE27DEE2240035ACF2 /* UIImageView+VideoFirstImage.swift */ = {isa = PBXFileReference; lastKnownFileType = sourcecode.swift; path = "UIImageView+VideoFirstImage.swift"; sourceTree = "<group>"; };
		1860FFC027DEE2C00035ACF2 /* Measure.swift */ = {isa = PBXFileReference; lastKnownFileType = sourcecode.swift; path = Measure.swift; sourceTree = "<group>"; };
		1860FFC227DEE5420035ACF2 /* PlayVideoViewController.swift */ = {isa = PBXFileReference; lastKnownFileType = sourcecode.swift; path = PlayVideoViewController.swift; sourceTree = "<group>"; };
		32D31AF8F1BA44383FEE0045 /* Pods-ComponentProject-VideoPlayDemo.debug.xcconfig */ = {isa = PBXFileReference; includeInIndex = 1; lastKnownFileType = text.xcconfig; name = "Pods-ComponentProject-VideoPlayDemo.debug.xcconfig"; path = "Target Support Files/Pods-ComponentProject-VideoPlayDemo/Pods-ComponentProject-VideoPlayDemo.debug.xcconfig"; sourceTree = "<group>"; };
		3A7CF45D25B60F811B7B3119 /* Pods_ComponentProject_VideoPlayDemo.framework */ = {isa = PBXFileReference; explicitFileType = wrapper.framework; includeInIndex = 0; path = Pods_ComponentProject_VideoPlayDemo.framework; sourceTree = BUILT_PRODUCTS_DIR; };
		FEE7631529F8C12AB85BB359 /* Pods-ComponentProject-VideoPlayDemo.release.xcconfig */ = {isa = PBXFileReference; includeInIndex = 1; lastKnownFileType = text.xcconfig; name = "Pods-ComponentProject-VideoPlayDemo.release.xcconfig"; path = "Target Support Files/Pods-ComponentProject-VideoPlayDemo/Pods-ComponentProject-VideoPlayDemo.release.xcconfig"; sourceTree = "<group>"; };
/* End PBXFileReference section */

/* Begin PBXFrameworksBuildPhase section */
		1860FF8E27DED9420035ACF2 /* Frameworks */ = {
			isa = PBXFrameworksBuildPhase;
			buildActionMask = 2147483647;
			files = (
				DEB8AC8E7CE107BF980DC0F9 /* Pods_ComponentProject_VideoPlayDemo.framework in Frameworks */,
			);
			runOnlyForDeploymentPostprocessing = 0;
		};
/* End PBXFrameworksBuildPhase section */

/* Begin PBXGroup section */
		1860FF8827DED9410035ACF2 = {
			isa = PBXGroup;
			children = (
				1860FF9327DED9420035ACF2 /* VideoPlayDemo */,
				1860FF9227DED9420035ACF2 /* Products */,
				C084145BB6278A6FA36418FD /* Pods */,
				A9D114D32230A331CAC70293 /* Frameworks */,
			);
			sourceTree = "<group>";
		};
		1860FF9227DED9420035ACF2 /* Products */ = {
			isa = PBXGroup;
			children = (
				1860FF9127DED9420035ACF2 /* VideoPlayDemo.app */,
			);
			name = Products;
			sourceTree = "<group>";
		};
		1860FF9327DED9420035ACF2 /* VideoPlayDemo */ = {
			isa = PBXGroup;
			children = (
				1860FFC027DEE2C00035ACF2 /* Measure.swift */,
				1860FFBE27DEE2240035ACF2 /* UIImageView+VideoFirstImage.swift */,
				1860FFC227DEE5420035ACF2 /* PlayVideoViewController.swift */,
				1860FFA827DEDA440035ACF2 /* VideoPlay */,
				1860FF9427DED9420035ACF2 /* AppDelegate.swift */,
				1860FF9627DED9420035ACF2 /* SceneDelegate.swift */,
				1860FF9827DED9420035ACF2 /* ViewController.swift */,
				1860FF9A27DED9420035ACF2 /* Main.storyboard */,
				1860FF9D27DED9430035ACF2 /* Assets.xcassets */,
				1860FF9F27DED9430035ACF2 /* LaunchScreen.storyboard */,
				1860FFA227DED9430035ACF2 /* Info.plist */,
			);
			path = VideoPlayDemo;
			sourceTree = "<group>";
		};
		1860FFA827DEDA440035ACF2 /* VideoPlay */ = {
			isa = PBXGroup;
			children = (
				1860FFA927DEDA440035ACF2 /* PlayUI */,
				1860FFAE27DEDA440035ACF2 /* AssertLoad */,
				1860FFB327DEDA440035ACF2 /* KVOManager.swift */,
			);
			path = VideoPlay;
			sourceTree = "<group>";
		};
		1860FFA927DEDA440035ACF2 /* PlayUI */ = {
			isa = PBXGroup;
			children = (
				1860FFAA27DEDA440035ACF2 /* PlayView.swift */,
				1860FFAB27DEDA440035ACF2 /* CachedRangesView.swift */,
				1860FFAC27DEDA440035ACF2 /* CustomPlayViewController.swift */,
				1860FFAD27DEDA440035ACF2 /* PlayControlView.swift */,
			);
			path = PlayUI;
			sourceTree = "<group>";
		};
		1860FFAE27DEDA440035ACF2 /* AssertLoad */ = {
			isa = PBXGroup;
			children = (
				1860FFAF27DEDA440035ACF2 /* AssertDownloader.swift */,
				1860FFB027DEDA440035ACF2 /* AssertLoadExtensions.swift */,
				1860FFB127DEDA440035ACF2 /* AssetResourceLoaderDelegate.swift */,
				1860FFB227DEDA440035ACF2 /* VideoCacheFileManager.swift */,
			);
			path = AssertLoad;
			sourceTree = "<group>";
		};
		A9D114D32230A331CAC70293 /* Frameworks */ = {
			isa = PBXGroup;
			children = (
				3A7CF45D25B60F811B7B3119 /* Pods_ComponentProject_VideoPlayDemo.framework */,
			);
			name = Frameworks;
			sourceTree = "<group>";
		};
		C084145BB6278A6FA36418FD /* Pods */ = {
			isa = PBXGroup;
			children = (
				32D31AF8F1BA44383FEE0045 /* Pods-ComponentProject-VideoPlayDemo.debug.xcconfig */,
				FEE7631529F8C12AB85BB359 /* Pods-ComponentProject-VideoPlayDemo.release.xcconfig */,
			);
			name = Pods;
			path = ../Pods;
			sourceTree = "<group>";
		};
/* End PBXGroup section */

/* Begin PBXNativeTarget section */
		1860FF9027DED9420035ACF2 /* VideoPlayDemo */ = {
			isa = PBXNativeTarget;
			buildConfigurationList = 1860FFA527DED9430035ACF2 /* Build configuration list for PBXNativeTarget "VideoPlayDemo" */;
			buildPhases = (
				83D9B8B9D511698885371735 /* [CP] Check Pods Manifest.lock */,
				1860FF8D27DED9420035ACF2 /* Sources */,
				1860FF8E27DED9420035ACF2 /* Frameworks */,
				1860FF8F27DED9420035ACF2 /* Resources */,
				BF133E56E177256178C1DB26 /* [CP] Embed Pods Frameworks */,
			);
			buildRules = (
			);
			dependencies = (
			);
			name = VideoPlayDemo;
			productName = VideoPlayDemo;
			productReference = 1860FF9127DED9420035ACF2 /* VideoPlayDemo.app */;
			productType = "com.apple.product-type.application";
		};
/* End PBXNativeTarget section */

/* Begin PBXProject section */
		1860FF8927DED9410035ACF2 /* Project object */ = {
			isa = PBXProject;
			attributes = {
				BuildIndependentTargetsInParallel = 1;
				LastSwiftUpdateCheck = 1320;
				LastUpgradeCheck = 1320;
				TargetAttributes = {
					1860FF9027DED9420035ACF2 = {
						CreatedOnToolsVersion = 13.2.1;
					};
				};
			};
			buildConfigurationList = 1860FF8C27DED9410035ACF2 /* Build configuration list for PBXProject "VideoPlayDemo" */;
			compatibilityVersion = "Xcode 13.0";
			developmentRegion = en;
			hasScannedForEncodings = 0;
			knownRegions = (
				en,
				Base,
			);
			mainGroup = 1860FF8827DED9410035ACF2;
			productRefGroup = 1860FF9227DED9420035ACF2 /* Products */;
			projectDirPath = "";
			projectRoot = "";
			targets = (
				1860FF9027DED9420035ACF2 /* VideoPlayDemo */,
			);
		};
/* End PBXProject section */

/* Begin PBXResourcesBuildPhase section */
		1860FF8F27DED9420035ACF2 /* Resources */ = {
			isa = PBXResourcesBuildPhase;
			buildActionMask = 2147483647;
			files = (
				1860FFA127DED9430035ACF2 /* LaunchScreen.storyboard in Resources */,
				1860FF9E27DED9430035ACF2 /* Assets.xcassets in Resources */,
				1860FF9C27DED9420035ACF2 /* Main.storyboard in Resources */,
			);
			runOnlyForDeploymentPostprocessing = 0;
		};
/* End PBXResourcesBuildPhase section */

/* Begin PBXShellScriptBuildPhase section */
		83D9B8B9D511698885371735 /* [CP] Check Pods Manifest.lock */ = {
			isa = PBXShellScriptBuildPhase;
			buildActionMask = 2147483647;
			files = (
			);
			inputFileListPaths = (
			);
			inputPaths = (
				"${PODS_PODFILE_DIR_PATH}/Podfile.lock",
				"${PODS_ROOT}/Manifest.lock",
			);
			name = "[CP] Check Pods Manifest.lock";
			outputFileListPaths = (
			);
			outputPaths = (
				"$(DERIVED_FILE_DIR)/Pods-ComponentProject-VideoPlayDemo-checkManifestLockResult.txt",
			);
			runOnlyForDeploymentPostprocessing = 0;
			shellPath = /bin/sh;
			shellScript = "diff \"${PODS_PODFILE_DIR_PATH}/Podfile.lock\" \"${PODS_ROOT}/Manifest.lock\" > /dev/null\nif [ $? != 0 ] ; then\n    # print error to STDERR\n    echo \"error: The sandbox is not in sync with the Podfile.lock. Run 'pod install' or update your CocoaPods installation.\" >&2\n    exit 1\nfi\n# This output is used by Xcode 'outputs' to avoid re-running this script phase.\necho \"SUCCESS\" > \"${SCRIPT_OUTPUT_FILE_0}\"\n";
			showEnvVarsInLog = 0;
		};
		BF133E56E177256178C1DB26 /* [CP] Embed Pods Frameworks */ = {
			isa = PBXShellScriptBuildPhase;
			buildActionMask = 2147483647;
			files = (
			);
			inputFileListPaths = (
				"${PODS_ROOT}/Target Support Files/Pods-ComponentProject-VideoPlayDemo/Pods-ComponentProject-VideoPlayDemo-frameworks-${CONFIGURATION}-input-files.xcfilelist",
			);
			name = "[CP] Embed Pods Frameworks";
			outputFileListPaths = (
				"${PODS_ROOT}/Target Support Files/Pods-ComponentProject-VideoPlayDemo/Pods-ComponentProject-VideoPlayDemo-frameworks-${CONFIGURATION}-output-files.xcfilelist",
			);
			runOnlyForDeploymentPostprocessing = 0;
			shellPath = /bin/sh;
			shellScript = "\"${PODS_ROOT}/Target Support Files/Pods-ComponentProject-VideoPlayDemo/Pods-ComponentProject-VideoPlayDemo-frameworks.sh\"\n";
			showEnvVarsInLog = 0;
		};
/* End PBXShellScriptBuildPhase section */

/* Begin PBXSourcesBuildPhase section */
		1860FF8D27DED9420035ACF2 /* Sources */ = {
			isa = PBXSourcesBuildPhase;
			buildActionMask = 2147483647;
			files = (
				1860FFC127DEE2C00035ACF2 /* Measure.swift in Sources */,
				1860FF9927DED9420035ACF2 /* ViewController.swift in Sources */,
				1860FFB927DEDA440035ACF2 /* AssertLoadExtensions.swift in Sources */,
				1860FFB627DEDA440035ACF2 /* CustomPlayViewController.swift in Sources */,
				1860FFB827DEDA440035ACF2 /* AssertDownloader.swift in Sources */,
				1860FFBA27DEDA440035ACF2 /* AssetResourceLoaderDelegate.swift in Sources */,
				1860FFBF27DEE2240035ACF2 /* UIImageView+VideoFirstImage.swift in Sources */,
				1860FFB527DEDA440035ACF2 /* CachedRangesView.swift in Sources */,
				1860FFC327DEE5420035ACF2 /* PlayVideoViewController.swift in Sources */,
				1860FFBC27DEDA440035ACF2 /* KVOManager.swift in Sources */,
				1860FFBB27DEDA440035ACF2 /* VideoCacheFileManager.swift in Sources */,
				1860FF9527DED9420035ACF2 /* AppDelegate.swift in Sources */,
				1860FFB427DEDA440035ACF2 /* PlayView.swift in Sources */,
				1860FF9727DED9420035ACF2 /* SceneDelegate.swift in Sources */,
				1860FFB727DEDA440035ACF2 /* PlayControlView.swift in Sources */,
			);
			runOnlyForDeploymentPostprocessing = 0;
		};
/* End PBXSourcesBuildPhase section */

/* Begin PBXVariantGroup section */
		1860FF9A27DED9420035ACF2 /* Main.storyboard */ = {
			isa = PBXVariantGroup;
			children = (
				1860FF9B27DED9420035ACF2 /* Base */,
			);
			name = Main.storyboard;
			sourceTree = "<group>";
		};
		1860FF9F27DED9430035ACF2 /* LaunchScreen.storyboard */ = {
			isa = PBXVariantGroup;
			children = (
				1860FFA027DED9430035ACF2 /* Base */,
			);
			name = LaunchScreen.storyboard;
			sourceTree = "<group>";
		};
/* End PBXVariantGroup section */

/* Begin XCBuildConfiguration section */
		1860FFA327DED9430035ACF2 /* Debug */ = {
			isa = XCBuildConfiguration;
			buildSettings = {
				ALWAYS_SEARCH_USER_PATHS = NO;
				CLANG_ANALYZER_NONNULL = YES;
				CLANG_ANALYZER_NUMBER_OBJECT_CONVERSION = YES_AGGRESSIVE;
				CLANG_CXX_LANGUAGE_STANDARD = "gnu++17";
				CLANG_CXX_LIBRARY = "libc++";
				CLANG_ENABLE_MODULES = YES;
				CLANG_ENABLE_OBJC_ARC = YES;
				CLANG_ENABLE_OBJC_WEAK = YES;
				CLANG_WARN_BLOCK_CAPTURE_AUTORELEASING = YES;
				CLANG_WARN_BOOL_CONVERSION = YES;
				CLANG_WARN_COMMA = YES;
				CLANG_WARN_CONSTANT_CONVERSION = YES;
				CLANG_WARN_DEPRECATED_OBJC_IMPLEMENTATIONS = YES;
				CLANG_WARN_DIRECT_OBJC_ISA_USAGE = YES_ERROR;
				CLANG_WARN_DOCUMENTATION_COMMENTS = YES;
				CLANG_WARN_EMPTY_BODY = YES;
				CLANG_WARN_ENUM_CONVERSION = YES;
				CLANG_WARN_INFINITE_RECURSION = YES;
				CLANG_WARN_INT_CONVERSION = YES;
				CLANG_WARN_NON_LITERAL_NULL_CONVERSION = YES;
				CLANG_WARN_OBJC_IMPLICIT_RETAIN_SELF = YES;
				CLANG_WARN_OBJC_LITERAL_CONVERSION = YES;
				CLANG_WARN_OBJC_ROOT_CLASS = YES_ERROR;
				CLANG_WARN_QUOTED_INCLUDE_IN_FRAMEWORK_HEADER = YES;
				CLANG_WARN_RANGE_LOOP_ANALYSIS = YES;
				CLANG_WARN_STRICT_PROTOTYPES = YES;
				CLANG_WARN_SUSPICIOUS_MOVE = YES;
				CLANG_WARN_UNGUARDED_AVAILABILITY = YES_AGGRESSIVE;
				CLANG_WARN_UNREACHABLE_CODE = YES;
				CLANG_WARN__DUPLICATE_METHOD_MATCH = YES;
				COPY_PHASE_STRIP = NO;
				DEBUG_INFORMATION_FORMAT = dwarf;
				ENABLE_STRICT_OBJC_MSGSEND = YES;
				ENABLE_TESTABILITY = YES;
				GCC_C_LANGUAGE_STANDARD = gnu11;
				GCC_DYNAMIC_NO_PIC = NO;
				GCC_NO_COMMON_BLOCKS = YES;
				GCC_OPTIMIZATION_LEVEL = 0;
				GCC_PREPROCESSOR_DEFINITIONS = (
					"DEBUG=1",
					"$(inherited)",
				);
				GCC_WARN_64_TO_32_BIT_CONVERSION = YES;
				GCC_WARN_ABOUT_RETURN_TYPE = YES_ERROR;
				GCC_WARN_UNDECLARED_SELECTOR = YES;
				GCC_WARN_UNINITIALIZED_AUTOS = YES_AGGRESSIVE;
				GCC_WARN_UNUSED_FUNCTION = YES;
				GCC_WARN_UNUSED_VARIABLE = YES;
				IPHONEOS_DEPLOYMENT_TARGET = 15.2;
				MTL_ENABLE_DEBUG_INFO = INCLUDE_SOURCE;
				MTL_FAST_MATH = YES;
				ONLY_ACTIVE_ARCH = YES;
				SDKROOT = iphoneos;
				SWIFT_ACTIVE_COMPILATION_CONDITIONS = DEBUG;
				SWIFT_OPTIMIZATION_LEVEL = "-Onone";
			};
			name = Debug;
		};
		1860FFA427DED9430035ACF2 /* Release */ = {
			isa = XCBuildConfiguration;
			buildSettings = {
				ALWAYS_SEARCH_USER_PATHS = NO;
				CLANG_ANALYZER_NONNULL = YES;
				CLANG_ANALYZER_NUMBER_OBJECT_CONVERSION = YES_AGGRESSIVE;
				CLANG_CXX_LANGUAGE_STANDARD = "gnu++17";
				CLANG_CXX_LIBRARY = "libc++";
				CLANG_ENABLE_MODULES = YES;
				CLANG_ENABLE_OBJC_ARC = YES;
				CLANG_ENABLE_OBJC_WEAK = YES;
				CLANG_WARN_BLOCK_CAPTURE_AUTORELEASING = YES;
				CLANG_WARN_BOOL_CONVERSION = YES;
				CLANG_WARN_COMMA = YES;
				CLANG_WARN_CONSTANT_CONVERSION = YES;
				CLANG_WARN_DEPRECATED_OBJC_IMPLEMENTATIONS = YES;
				CLANG_WARN_DIRECT_OBJC_ISA_USAGE = YES_ERROR;
				CLANG_WARN_DOCUMENTATION_COMMENTS = YES;
				CLANG_WARN_EMPTY_BODY = YES;
				CLANG_WARN_ENUM_CONVERSION = YES;
				CLANG_WARN_INFINITE_RECURSION = YES;
				CLANG_WARN_INT_CONVERSION = YES;
				CLANG_WARN_NON_LITERAL_NULL_CONVERSION = YES;
				CLANG_WARN_OBJC_IMPLICIT_RETAIN_SELF = YES;
				CLANG_WARN_OBJC_LITERAL_CONVERSION = YES;
				CLANG_WARN_OBJC_ROOT_CLASS = YES_ERROR;
				CLANG_WARN_QUOTED_INCLUDE_IN_FRAMEWORK_HEADER = YES;
				CLANG_WARN_RANGE_LOOP_ANALYSIS = YES;
				CLANG_WARN_STRICT_PROTOTYPES = YES;
				CLANG_WARN_SUSPICIOUS_MOVE = YES;
				CLANG_WARN_UNGUARDED_AVAILABILITY = YES_AGGRESSIVE;
				CLANG_WARN_UNREACHABLE_CODE = YES;
				CLANG_WARN__DUPLICATE_METHOD_MATCH = YES;
				COPY_PHASE_STRIP = NO;
				DEBUG_INFORMATION_FORMAT = "dwarf-with-dsym";
				ENABLE_NS_ASSERTIONS = NO;
				ENABLE_STRICT_OBJC_MSGSEND = YES;
				GCC_C_LANGUAGE_STANDARD = gnu11;
				GCC_NO_COMMON_BLOCKS = YES;
				GCC_WARN_64_TO_32_BIT_CONVERSION = YES;
				GCC_WARN_ABOUT_RETURN_TYPE = YES_ERROR;
				GCC_WARN_UNDECLARED_SELECTOR = YES;
				GCC_WARN_UNINITIALIZED_AUTOS = YES_AGGRESSIVE;
				GCC_WARN_UNUSED_FUNCTION = YES;
				GCC_WARN_UNUSED_VARIABLE = YES;
				IPHONEOS_DEPLOYMENT_TARGET = 15.2;
				MTL_ENABLE_DEBUG_INFO = NO;
				MTL_FAST_MATH = YES;
				SDKROOT = iphoneos;
				SWIFT_COMPILATION_MODE = wholemodule;
				SWIFT_OPTIMIZATION_LEVEL = "-O";
				VALIDATE_PRODUCT = YES;
			};
			name = Release;
		};
		1860FFA627DED9430035ACF2 /* Debug */ = {
			isa = XCBuildConfiguration;
			baseConfigurationReference = 32D31AF8F1BA44383FEE0045 /* Pods-ComponentProject-VideoPlayDemo.debug.xcconfig */;
			buildSettings = {
				ASSETCATALOG_COMPILER_APPICON_NAME = AppIcon;
				ASSETCATALOG_COMPILER_GLOBAL_ACCENT_COLOR_NAME = AccentColor;
				CODE_SIGN_STYLE = Automatic;
				CURRENT_PROJECT_VERSION = 1;
				DEVELOPMENT_TEAM = 5KB58A6G2C;
				GENERATE_INFOPLIST_FILE = YES;
				INFOPLIST_FILE = VideoPlayDemo/Info.plist;
				INFOPLIST_KEY_UIApplicationSupportsIndirectInputEvents = YES;
				INFOPLIST_KEY_UILaunchStoryboardName = LaunchScreen;
				INFOPLIST_KEY_UIMainStoryboardFile = Main;
				INFOPLIST_KEY_UISupportedInterfaceOrientations_iPad = "UIInterfaceOrientationPortrait UIInterfaceOrientationPortraitUpsideDown UIInterfaceOrientationLandscapeLeft UIInterfaceOrientationLandscapeRight";
				INFOPLIST_KEY_UISupportedInterfaceOrientations_iPhone = "UIInterfaceOrientationPortrait UIInterfaceOrientationLandscapeLeft UIInterfaceOrientationLandscapeRight";
				LD_RUNPATH_SEARCH_PATHS = (
					"$(inherited)",
					"@executable_path/Frameworks",
				);
				MARKETING_VERSION = 1.0;
				PRODUCT_BUNDLE_IDENTIFIER = "com.ifeng-tech.ddd.VideoPlayDemo";
				PRODUCT_NAME = "$(TARGET_NAME)";
				SWIFT_EMIT_LOC_STRINGS = YES;
				SWIFT_VERSION = 5.0;
				TARGETED_DEVICE_FAMILY = "1,2";
			};
			name = Debug;
		};
		1860FFA727DED9430035ACF2 /* Release */ = {
			isa = XCBuildConfiguration;
			baseConfigurationReference = FEE7631529F8C12AB85BB359 /* Pods-ComponentProject-VideoPlayDemo.release.xcconfig */;
			buildSettings = {
				ASSETCATALOG_COMPILER_APPICON_NAME = AppIcon;
				ASSETCATALOG_COMPILER_GLOBAL_ACCENT_COLOR_NAME = AccentColor;
				CODE_SIGN_STYLE = Automatic;
				CURRENT_PROJECT_VERSION = 1;
				DEVELOPMENT_TEAM = 5KB58A6G2C;
				GENERATE_INFOPLIST_FILE = YES;
				INFOPLIST_FILE = VideoPlayDemo/Info.plist;
				INFOPLIST_KEY_UIApplicationSupportsIndirectInputEvents = YES;
				INFOPLIST_KEY_UILaunchStoryboardName = LaunchScreen;
				INFOPLIST_KEY_UIMainStoryboardFile = Main;
				INFOPLIST_KEY_UISupportedInterfaceOrientations_iPad = "UIInterfaceOrientationPortrait UIInterfaceOrientationPortraitUpsideDown UIInterfaceOrientationLandscapeLeft UIInterfaceOrientationLandscapeRight";
				INFOPLIST_KEY_UISupportedInterfaceOrientations_iPhone = "UIInterfaceOrientationPortrait UIInterfaceOrientationLandscapeLeft UIInterfaceOrientationLandscapeRight";
				LD_RUNPATH_SEARCH_PATHS = (
					"$(inherited)",
					"@executable_path/Frameworks",
				);
				MARKETING_VERSION = 1.0;
				PRODUCT_BUNDLE_IDENTIFIER = "com.ifeng-tech.ddd.VideoPlayDemo";
				PRODUCT_NAME = "$(TARGET_NAME)";
				SWIFT_EMIT_LOC_STRINGS = YES;
				SWIFT_VERSION = 5.0;
				TARGETED_DEVICE_FAMILY = "1,2";
			};
			name = Release;
		};
/* End XCBuildConfiguration section */

/* Begin XCConfigurationList section */
		1860FF8C27DED9410035ACF2 /* Build configuration list for PBXProject "VideoPlayDemo" */ = {
			isa = XCConfigurationList;
			buildConfigurations = (
				1860FFA327DED9430035ACF2 /* Debug */,
				1860FFA427DED9430035ACF2 /* Release */,
			);
			defaultConfigurationIsVisible = 0;
			defaultConfigurationName = Release;
		};
		1860FFA527DED9430035ACF2 /* Build configuration list for PBXNativeTarget "VideoPlayDemo" */ = {
			isa = XCConfigurationList;
			buildConfigurations = (
				1860FFA627DED9430035ACF2 /* Debug */,
				1860FFA727DED9430035ACF2 /* Release */,
			);
			defaultConfigurationIsVisible = 0;
			defaultConfigurationName = Release;
		};
/* End XCConfigurationList section */
	};
	rootObject = 1860FF8927DED9410035ACF2 /* Project object */;
}
